
Microsoft Visual Studio Solution File, Format Version 12.00
# Visual Studio Version 17
VisualStudioVersion = 17.4.33205.214
MinimumVisualStudioVersion = 10.0.40219.1
Project("{9A19103F-16F7-4668-BE54-9A1E7A4F7556}") = "Luftborn_CRUD", "Luftborn_CRUD.csproj", "{D4112875-C4E4-4348-A0B1-57C5C1BC2A4A}"
EndProject
Global
	GlobalSection(SolutionConfigurationPlatforms) = preSolution
		Debug|Any CPU = Debug|Any CPU
		Release|Any CPU = Release|Any CPU
	EndGlobalSection
	GlobalSection(ProjectConfigurationPlatforms) = postSolution
		{D4112875-C4E4-4348-A0B1-57C5C1BC2A4A}.Debug|Any CPU.ActiveCfg = Debug|Any CPU
		{D4112875-C4E4-4348-A0B1-57C5C1BC2A4A}.Debug|Any CPU.Build.0 = Debug|Any CPU
		{D4112875-C4E4-4348-A0B1-57C5C1BC2A4A}.Release|Any CPU.ActiveCfg = Release|Any CPU
		{D4112875-C4E4-4348-A0B1-57C5C1BC2A4A}.Release|Any CPU.Build.0 = Release|Any CPU
	EndGlobalSection
	GlobalSection(SolutionProperties) = preSolution
		HideSolutionNode = FALSE
	EndGlobalSection
	GlobalSection(ExtensibilityGlobals) = postSolution
		SolutionGuid = {C6FB59AF-F26A-492A-B8B9-F6A766DE7B58}
	EndGlobalSection
EndGlobal
